// !$*UTF8*$!
{
	archiveVersion = 1;
	classes = {
	};
	objectVersion = 50;
	objects = {

/* Begin PBXBuildFile section */
		AB11C154240AEB4600448964 /* creationView.swift in Sources */ = {isa = PBXBuildFile; fileRef = AB11C153240AEB4600448964 /* creationView.swift */; };
		AB846BD723F877BF00E5031A /* AppDelegate.swift in Sources */ = {isa = PBXBuildFile; fileRef = AB846BD623F877BF00E5031A /* AppDelegate.swift */; };
		AB846BD923F877BF00E5031A /* ViewController.swift in Sources */ = {isa = PBXBuildFile; fileRef = AB846BD823F877BF00E5031A /* ViewController.swift */; };
		AB846BDC23F877BF00E5031A /* Main.storyboard in Resources */ = {isa = PBXBuildFile; fileRef = AB846BDA23F877BF00E5031A /* Main.storyboard */; };
		AB846BDE23F877C200E5031A /* Assets.xcassets in Resources */ = {isa = PBXBuildFile; fileRef = AB846BDD23F877C200E5031A /* Assets.xcassets */; };
		AB846BE123F877C200E5031A /* LaunchScreen.storyboard in Resources */ = {isa = PBXBuildFile; fileRef = AB846BDF23F877C200E5031A /* LaunchScreen.storyboard */; };
		AB846BEC23F877C200E5031A /* FlashCardsTests.swift in Sources */ = {isa = PBXBuildFile; fileRef = AB846BEB23F877C200E5031A /* FlashCardsTests.swift */; };
		AB846BF723F877C200E5031A /* FlashCardsUITests.swift in Sources */ = {isa = PBXBuildFile; fileRef = AB846BF623F877C200E5031A /* FlashCardsUITests.swift */; };
/* End PBXBuildFile section */

/* Begin PBXContainerItemProxy section */
		AB846BE823F877C200E5031A /* PBXContainerItemProxy */ = {
			isa = PBXContainerItemProxy;
			containerPortal = AB846BCB23F877BF00E5031A /* Project object */;
			proxyType = 1;
			remoteGlobalIDString = AB846BD223F877BF00E5031A;
			remoteInfo = FlashCards;
		};
		AB846BF323F877C200E5031A /* PBXContainerItemProxy */ = {
			isa = PBXContainerItemProxy;
			containerPortal = AB846BCB23F877BF00E5031A /* Project object */;
			proxyType = 1;
			remoteGlobalIDString = AB846BD223F877BF00E5031A;
			remoteInfo = FlashCards;
		};
/* End PBXContainerItemProxy section */

/* Begin PBXFileReference section */
		AB11C153240AEB4600448964 /* creationView.swift */ = {isa = PBXFileReference; lastKnownFileType = sourcecode.swift; path = creationView.swift; sourceTree = "<group>"; };
		AB846BD323F877BF00E5031A /* FlashCards.app */ = {isa = PBXFileReference; explicitFileType = wrapper.application; includeInIndex = 0; path = FlashCards.app; sourceTree = BUILT_PRODUCTS_DIR; };
		AB846BD623F877BF00E5031A /* AppDelegate.swift */ = {isa = PBXFileReference; lastKnownFileType = sourcecode.swift; path = AppDelegate.swift; sourceTree = "<group>"; };
		AB846BD823F877BF00E5031A /* ViewController.swift */ = {isa = PBXFileReference; lastKnownFileType = sourcecode.swift; path = ViewController.swift; sourceTree = "<group>"; };
		AB846BDB23F877BF00E5031A /* Base */ = {isa = PBXFileReference; lastKnownFileType = file.storyboard; name = Base; path = Base.lproj/Main.storyboard; sourceTree = "<group>"; };
		AB846BDD23F877C200E5031A /* Assets.xcassets */ = {isa = PBXFileReference; lastKnownFileType = folder.assetcatalog; path = Assets.xcassets; sourceTree = "<group>"; };
		AB846BE023F877C200E5031A /* Base */ = {isa = PBXFileReference; lastKnownFileType = file.storyboard; name = Base; path = Base.lproj/LaunchScreen.storyboard; sourceTree = "<group>"; };
		AB846BE223F877C200E5031A /* Info.plist */ = {isa = PBXFileReference; lastKnownFileType = text.plist.xml; path = Info.plist; sourceTree = "<group>"; };
		AB846BE723F877C200E5031A /* FlashCardsTests.xctest */ = {isa = PBXFileReference; explicitFileType = wrapper.cfbundle; includeInIndex = 0; path = FlashCardsTests.xctest; sourceTree = BUILT_PRODUCTS_DIR; };
		AB846BEB23F877C200E5031A /* FlashCardsTests.swift */ = {isa = PBXFileReference; lastKnownFileType = sourcecode.swift; path = FlashCardsTests.swift; sourceTree = "<group>"; };
		AB846BED23F877C200E5031A /* Info.plist */ = {isa = PBXFileReference; lastKnownFileType = text.plist.xml; path = Info.plist; sourceTree = "<group>"; };
		AB846BF223F877C200E5031A /* FlashCardsUITests.xctest */ = {isa = PBXFileReference; explicitFileType = wrapper.cfbundle; includeInIndex = 0; path = FlashCardsUITests.xctest; sourceTree = BUILT_PRODUCTS_DIR; };
		AB846BF623F877C200E5031A /* FlashCardsUITests.swift */ = {isa = PBXFileReference; lastKnownFileType = sourcecode.swift; path = FlashCardsUITests.swift; sourceTree = "<group>"; };
		AB846BF823F877C200E5031A /* Info.plist */ = {isa = PBXFileReference; lastKnownFileType = text.plist.xml; path = Info.plist; sourceTree = "<group>"; };
/* End PBXFileReference section */

/* Begin PBXFrameworksBuildPhase section */
		AB846BD023F877BF00E5031A /* Frameworks */ = {
			isa = PBXFrameworksBuildPhase;
			buildActionMask = 2147483647;
			files = (
			);
			runOnlyForDeploymentPostprocessing = 0;
		};
		AB846BE423F877C200E5031A /* Frameworks */ = {
			isa = PBXFrameworksBuildPhase;
			buildActionMask = 2147483647;
			files = (
			);
			runOnlyForDeploymentPostprocessing = 0;
		};
		AB846BEF23F877C200E5031A /* Frameworks */ = {
			isa = PBXFrameworksBuildPhase;
			buildActionMask = 2147483647;
			files = (
			);
			runOnlyForDeploymentPostprocessing = 0;
		};
/* End PBXFrameworksBuildPhase section */

/* Begin PBXGroup section */
		AB846BCA23F877BF00E5031A = {
			isa = PBXGroup;
			children = (
				AB846BD523F877BF00E5031A /* FlashCards */,
				AB846BEA23F877C200E5031A /* FlashCardsTests */,
				AB846BF523F877C200E5031A /* FlashCardsUITests */,
				AB846BD423F877BF00E5031A /* Products */,
			);
			sourceTree = "<group>";
		};
		AB846BD423F877BF00E5031A /* Products */ = {
			isa = PBXGroup;
			children = (
				AB846BD323F877BF00E5031A /* FlashCards.app */,
				AB846BE723F877C200E5031A /* FlashCardsTests.xctest */,
				AB846BF223F877C200E5031A /* FlashCardsUITests.xctest */,
			);
			name = Products;
			sourceTree = "<group>";
		};
		AB846BD523F877BF00E5031A /* FlashCards */ = {
			isa = PBXGroup;
			children = (
				AB846BD623F877BF00E5031A /* AppDelegate.swift */,
				AB846BD823F877BF00E5031A /* ViewController.swift */,
				AB846BDA23F877BF00E5031A /* Main.storyboard */,
				AB11C153240AEB4600448964 /* creationView.swift */,
				AB846BDD23F877C200E5031A /* Assets.xcassets */,
				AB846BDF23F877C200E5031A /* LaunchScreen.storyboard */,
				AB846BE223F877C200E5031A /* Info.plist */,
			);
			path = FlashCards;
			sourceTree = "<group>";
		};
		AB846BEA23F877C200E5031A /* FlashCardsTests */ = {
			isa = PBXGroup;
			children = (
				AB846BEB23F877C200E5031A /* FlashCardsTests.swift */,
				AB846BED23F877C200E5031A /* Info.plist */,
			);
			path = FlashCardsTests;
			sourceTree = "<group>";
		};
		AB846BF523F877C200E5031A /* FlashCardsUITests */ = {
			isa = PBXGroup;
			children = (
				AB846BF623F877C200E5031A /* FlashCardsUITests.swift */,
				AB846BF823F877C200E5031A /* Info.plist */,
			);
			path = FlashCardsUITests;
			sourceTree = "<group>";
		};
/* End PBXGroup section */

/* Begin PBXNativeTarget section */
		AB846BD223F877BF00E5031A /* FlashCards */ = {
			isa = PBXNativeTarget;
			buildConfigurationList = AB846BFB23F877C200E5031A /* Build configuration list for PBXNativeTarget "FlashCards" */;
			buildPhases = (
				AB846BCF23F877BF00E5031A /* Sources */,
				AB846BD023F877BF00E5031A /* Frameworks */,
				AB846BD123F877BF00E5031A /* Resources */,
			);
			buildRules = (
			);
			dependencies = (
			);
			name = FlashCards;
			productName = FlashCards;
			productReference = AB846BD323F877BF00E5031A /* FlashCards.app */;
			productType = "com.apple.product-type.application";
		};
		AB846BE623F877C200E5031A /* FlashCardsTests */ = {
			isa = PBXNativeTarget;
			buildConfigurationList = AB846BFE23F877C200E5031A /* Build configuration list for PBXNativeTarget "FlashCardsTests" */;
			buildPhases = (
				AB846BE323F877C200E5031A /* Sources */,
				AB846BE423F877C200E5031A /* Frameworks */,
				AB846BE523F877C200E5031A /* Resources */,
			);
			buildRules = (
			);
			dependencies = (
				AB846BE923F877C200E5031A /* PBXTargetDependency */,
			);
			name = FlashCardsTests;
			productName = FlashCardsTests;
			productReference = AB846BE723F877C200E5031A /* FlashCardsTests.xctest */;
			productType = "com.apple.product-type.bundle.unit-test";
		};
		AB846BF123F877C200E5031A /* FlashCardsUITests */ = {
			isa = PBXNativeTarget;
			buildConfigurationList = AB846C0123F877C200E5031A /* Build configuration list for PBXNativeTarget "FlashCardsUITests" */;
			buildPhases = (
				AB846BEE23F877C200E5031A /* Sources */,
				AB846BEF23F877C200E5031A /* Frameworks */,
				AB846BF023F877C200E5031A /* Resources */,
			);
			buildRules = (
			);
			dependencies = (
				AB846BF423F877C200E5031A /* PBXTargetDependency */,
			);
			name = FlashCardsUITests;
			productName = FlashCardsUITests;
			productReference = AB846BF223F877C200E5031A /* FlashCardsUITests.xctest */;
			productType = "com.apple.product-type.bundle.ui-testing";
		};
/* End PBXNativeTarget section */

/* Begin PBXProject section */
		AB846BCB23F877BF00E5031A /* Project object */ = {
			isa = PBXProject;
			attributes = {
				LastSwiftUpdateCheck = 1030;
				LastUpgradeCheck = 1030;
				ORGANIZATIONNAME = "Grant Commodore";
				TargetAttributes = {
					AB846BD223F877BF00E5031A = {
						CreatedOnToolsVersion = 10.3;
					};
					AB846BE623F877C200E5031A = {
						CreatedOnToolsVersion = 10.3;
						TestTargetID = AB846BD223F877BF00E5031A;
					};
					AB846BF123F877C200E5031A = {
						CreatedOnToolsVersion = 10.3;
						TestTargetID = AB846BD223F877BF00E5031A;
					};
				};
			};
			buildConfigurationList = AB846BCE23F877BF00E5031A /* Build configuration list for PBXProject "FlashCards" */;
			compatibilityVersion = "Xcode 9.3";
			developmentRegion = en;
			hasScannedForEncodings = 0;
			knownRegions = (
				en,
				Base,
			);
			mainGroup = AB846BCA23F877BF00E5031A;
			productRefGroup = AB846BD423F877BF00E5031A /* Products */;
			projectDirPath = "";
			projectRoot = "";
			targets = (
				AB846BD223F877BF00E5031A /* FlashCards */,
				AB846BE623F877C200E5031A /* FlashCardsTests */,
				AB846BF123F877C200E5031A /* FlashCardsUITests */,
			);
		};
/* End PBXProject section */

/* Begin PBXResourcesBuildPhase section */
		AB846BD123F877BF00E5031A /* Resources */ = {
			isa = PBXResourcesBuildPhase;
			buildActionMask = 2147483647;
			files = (
				AB846BE123F877C200E5031A /* LaunchScreen.storyboard in Resources */,
				AB846BDE23F877C200E5031A /* Assets.xcassets in Resources */,
				AB846BDC23F877BF00E5031A /* Main.storyboard in Resources */,
			);
			runOnlyForDeploymentPostprocessing = 0;
		};
		AB846BE523F877C200E5031A /* Resources */ = {
			isa = PBXResourcesBuildPhase;
			buildActionMask = 2147483647;
			files = (
			);
			runOnlyForDeploymentPostprocessing = 0;
		};
		AB846BF023F877C200E5031A /* Resources */ = {
			isa = PBXResourcesBuildPhase;
			buildActionMask = 2147483647;
			files = (
			);
			runOnlyForDeploymentPostprocessing = 0;
		};
/* End PBXResourcesBuildPhase section */

/* Begin PBXSourcesBuildPhase section */
		AB846BCF23F877BF00E5031A /* Sources */ = {
			isa = PBXSourcesBuildPhase;
			buildActionMask = 2147483647;
			files = (
				AB846BD923F877BF00E5031A /* ViewController.swift in Sources */,
				AB846BD723F877BF00E5031A /* AppDelegate.swift in Sources */,
				AB11C154240AEB4600448964 /* creationView.swift in Sources */,
			);
			runOnlyForDeploymentPostprocessing = 0;
		};
		AB846BE323F877C200E5031A /* Sources */ = {
			isa = PBXSourcesBuildPhase;
			buildActionMask = 2147483647;
			files = (
				AB846BEC23F877C200E5031A /* FlashCardsTests.swift in Sources */,
			);
			runOnlyForDeploymentPostprocessing = 0;
		};
		AB846BEE23F877C200E5031A /* Sources */ = {
			isa = PBXSourcesBuildPhase;
			buildActionMask = 2147483647;
			files = (
				AB846BF723F877C200E5031A /* FlashCardsUITests.swift in Sources */,
			);
			runOnlyForDeploymentPostprocessing = 0;
		};
/* End PBXSourcesBuildPhase section */

/* Begin PBXTargetDependency section */
		AB846BE923F877C200E5031A /* PBXTargetDependency */ = {
			isa = PBXTargetDependency;
			target = AB846BD223F877BF00E5031A /* FlashCards */;
			targetProxy = AB846BE823F877C200E5031A /* PBXContainerItemProxy */;
		};
		AB846BF423F877C200E5031A /* PBXTargetDependency */ = {
			isa = PBXTargetDependency;
			target = AB846BD223F877BF00E5031A /* FlashCards */;
			targetProxy = AB846BF323F877C200E5031A /* PBXContainerItemProxy */;
		};
/* End PBXTargetDependency section */

/* Begin PBXVariantGroup section */
		AB846BDA23F877BF00E5031A /* Main.storyboard */ = {
			isa = PBXVariantGroup;
			children = (
				AB846BDB23F877BF00E5031A /* Base */,
			);
			name = Main.storyboard;
			sourceTree = "<group>";
		};
		AB846BDF23F877C200E5031A /* LaunchScreen.storyboard */ = {
			isa = PBXVariantGroup;
			children = (
				AB846BE023F877C200E5031A /* Base */,
			);
			name = LaunchScreen.storyboard;
			sourceTree = "<group>";
		};
/* End PBXVariantGroup section */

/* Begin XCBuildConfiguration section */
		AB846BF923F877C200E5031A /* Debug */ = {
			isa = XCBuildConfiguration;
			buildSettings = {
				ALWAYS_SEARCH_USER_PATHS = NO;
				CLANG_ANALYZER_NONNULL = YES;
				CLANG_ANALYZER_NUMBER_OBJECT_CONVERSION = YES_AGGRESSIVE;
				CLANG_CXX_LANGUAGE_STANDARD = "gnu++14";
				CLANG_CXX_LIBRARY = "libc++";
				CLANG_ENABLE_MODULES = YES;
				CLANG_ENABLE_OBJC_ARC = YES;
				CLANG_ENABLE_OBJC_WEAK = YES;
				CLANG_WARN_BLOCK_CAPTURE_AUTORELEASING = YES;
				CLANG_WARN_BOOL_CONVERSION = YES;
				CLANG_WARN_COMMA = YES;
				CLANG_WARN_CONSTANT_CONVERSION = YES;
				CLANG_WARN_DEPRECATED_OBJC_IMPLEMENTATIONS = YES;
				CLANG_WARN_DIRECT_OBJC_ISA_USAGE = YES_ERROR;
				CLANG_WARN_DOCUMENTATION_COMMENTS = YES;
				CLANG_WARN_EMPTY_BODY = YES;
				CLANG_WARN_ENUM_CONVERSION = YES;
				CLANG_WARN_INFINITE_RECURSION = YES;
				CLANG_WARN_INT_CONVERSION = YES;
				CLANG_WARN_NON_LITERAL_NULL_CONVERSION = YES;
				CLANG_WARN_OBJC_IMPLICIT_RETAIN_SELF = YES;
				CLANG_WARN_OBJC_LITERAL_CONVERSION = YES;
				CLANG_WARN_OBJC_ROOT_CLASS = YES_ERROR;
				CLANG_WARN_RANGE_LOOP_ANALYSIS = YES;
				CLANG_WARN_STRICT_PROTOTYPES = YES;
				CLANG_WARN_SUSPICIOUS_MOVE = YES;
				CLANG_WARN_UNGUARDED_AVAILABILITY = YES_AGGRESSIVE;
				CLANG_WARN_UNREACHABLE_CODE = YES;
				CLANG_WARN__DUPLICATE_METHOD_MATCH = YES;
				CODE_SIGN_IDENTITY = "iPhone Developer";
				COPY_PHASE_STRIP = NO;
				DEBUG_INFORMATION_FORMAT = dwarf;
				ENABLE_STRICT_OBJC_MSGSEND = YES;
				ENABLE_TESTABILITY = YES;
				GCC_C_LANGUAGE_STANDARD = gnu11;
				GCC_DYNAMIC_NO_PIC = NO;
				GCC_NO_COMMON_BLOCKS = YES;
				GCC_OPTIMIZATION_LEVEL = 0;
				GCC_PREPROCESSOR_DEFINITIONS = (
					"DEBUG=1",
					"$(inherited)",
				);
				GCC_WARN_64_TO_32_BIT_CONVERSION = YES;
				GCC_WARN_ABOUT_RETURN_TYPE = YES_ERROR;
				GCC_WARN_UNDECLARED_SELECTOR = YES;
				GCC_WARN_UNINITIALIZED_AUTOS = YES_AGGRESSIVE;
				GCC_WARN_UNUSED_FUNCTION = YES;
				GCC_WARN_UNUSED_VARIABLE = YES;
				IPHONEOS_DEPLOYMENT_TARGET = 12.4;
				MTL_ENABLE_DEBUG_INFO = INCLUDE_SOURCE;
				MTL_FAST_MATH = YES;
				ONLY_ACTIVE_ARCH = YES;
				SDKROOT = iphoneos;
				SWIFT_ACTIVE_COMPILATION_CONDITIONS = DEBUG;
				SWIFT_OPTIMIZATION_LEVEL = "-Onone";
			};
			name = Debug;
		};
		AB846BFA23F877C200E5031A /* Release */ = {
			isa = XCBuildConfiguration;
			buildSettings = {
				ALWAYS_SEARCH_USER_PATHS = NO;
				CLANG_ANALYZER_NONNULL = YES;
				CLANG_ANALYZER_NUMBER_OBJECT_CONVERSION = YES_AGGRESSIVE;
				CLANG_CXX_LANGUAGE_STANDARD = "gnu++14";
				CLANG_CXX_LIBRARY = "libc++";
				CLANG_ENABLE_MODULES = YES;
				CLANG_ENABLE_OBJC_ARC = YES;
				CLANG_ENABLE_OBJC_WEAK = YES;
				CLANG_WARN_BLOCK_CAPTURE_AUTORELEASING = YES;
				CLANG_WARN_BOOL_CONVERSION = YES;
				CLANG_WARN_COMMA = YES;
				CLANG_WARN_CONSTANT_CONVERSION = YES;
				CLANG_WARN_DEPRECATED_OBJC_IMPLEMENTATIONS = YES;
				CLANG_WARN_DIRECT_OBJC_ISA_USAGE = YES_ERROR;
				CLANG_WARN_DOCUMENTATION_COMMENTS = YES;
				CLANG_WARN_EMPTY_BODY = YES;
				CLANG_WARN_ENUM_CONVERSION = YES;
				CLANG_WARN_INFINITE_RECURSION = YES;
				CLANG_WARN_INT_CONVERSION = YES;
				CLANG_WARN_NON_LITERAL_NULL_CONVERSION = YES;
				CLANG_WARN_OBJC_IMPLICIT_RETAIN_SELF = YES;
				CLANG_WARN_OBJC_LITERAL_CONVERSION = YES;
				CLANG_WARN_OBJC_ROOT_CLASS = YES_ERROR;
				CLANG_WARN_RANGE_LOOP_ANALYSIS = YES;
				CLANG_WARN_STRICT_PROTOTYPES = YES;
				CLANG_WARN_SUSPICIOUS_MOVE = YES;
				CLANG_WARN_UNGUARDED_AVAILABILITY = YES_AGGRESSIVE;
				CLANG_WARN_UNREACHABLE_CODE = YES;
				CLANG_WARN__DUPLICATE_METHOD_MATCH = YES;
				CODE_SIGN_IDENTITY = "iPhone Developer";
				COPY_PHASE_STRIP = NO;
				DEBUG_INFORMATION_FORMAT = "dwarf-with-dsym";
				ENABLE_NS_ASSERTIONS = NO;
				ENABLE_STRICT_OBJC_MSGSEND = YES;
				GCC_C_LANGUAGE_STANDARD = gnu11;
				GCC_NO_COMMON_BLOCKS = YES;
				GCC_WARN_64_TO_32_BIT_CONVERSION = YES;
				GCC_WARN_ABOUT_RETURN_TYPE = YES_ERROR;
				GCC_WARN_UNDECLARED_SELECTOR = YES;
				GCC_WARN_UNINITIALIZED_AUTOS = YES_AGGRESSIVE;
				GCC_WARN_UNUSED_FUNCTION = YES;
				GCC_WARN_UNUSED_VARIABLE = YES;
				IPHONEOS_DEPLOYMENT_TARGET = 12.4;
				MTL_ENABLE_DEBUG_INFO = NO;
				MTL_FAST_MATH = YES;
				SDKROOT = iphoneos;
				SWIFT_COMPILATION_MODE = wholemodule;
				SWIFT_OPTIMIZATION_LEVEL = "-O";
				VALIDATE_PRODUCT = YES;
			};
			name = Release;
		};
		AB846BFC23F877C200E5031A /* Debug */ = {
			isa = XCBuildConfiguration;
			buildSettings = {
				ASSETCATALOG_COMPILER_APPICON_NAME = AppIcon;
				CODE_SIGN_STYLE = Automatic;
				DEVELOPMENT_TEAM = 53V9TBTC84;
				INFOPLIST_FILE = FlashCards/Info.plist;
				LD_RUNPATH_SEARCH_PATHS = (
					"$(inherited)",
					"@executable_path/Frameworks",
				);
				PRODUCT_BUNDLE_IDENTIFIER = com.Commodore.FlashCards;
				PRODUCT_NAME = "$(TARGET_NAME)";
				SWIFT_VERSION = 5.0;
				TARGETED_DEVICE_FAMILY = "1,2";
			};
			name = Debug;
		};
		AB846BFD23F877C200E5031A /* Release */ = {
			isa = XCBuildConfiguration;
			buildSettings = {
				ASSETCATALOG_COMPILER_APPICON_NAME = AppIcon;
				CODE_SIGN_STYLE = Automatic;
				DEVELOPMENT_TEAM = 53V9TBTC84;
				INFOPLIST_FILE = FlashCards/Info.plist;
				LD_RUNPATH_SEARCH_PATHS = (
					"$(inherited)",
					"@executable_path/Frameworks",
				);
				PRODUCT_BUNDLE_IDENTIFIER = com.Commodore.FlashCards;
				PRODUCT_NAME = "$(TARGET_NAME)";
				SWIFT_VERSION = 5.0;
				TARGETED_DEVICE_FAMILY = "1,2";
			};
			name = Release;
		};
		AB846BFF23F877C200E5031A /* Debug */ = {
			isa = XCBuildConfiguration;
			buildSettings = {
				ALWAYS_EMBED_SWIFT_STANDARD_LIBRARIES = YES;
				BUNDLE_LOADER = "$(TEST_HOST)";
				CODE_SIGN_STYLE = Automatic;
				INFOPLIST_FILE = FlashCardsTests/Info.plist;
				LD_RUNPATH_SEARCH_PATHS = (
					"$(inherited)",
					"@executable_path/Frameworks",
					"@loader_path/Frameworks",
				);
				PRODUCT_BUNDLE_IDENTIFIER = com.Commodore.FlashCardsTests;
				PRODUCT_NAME = "$(TARGET_NAME)";
				SWIFT_VERSION = 5.0;
				TARGETED_DEVICE_FAMILY = "1,2";
				TEST_HOST = "$(BUILT_PRODUCTS_DIR)/FlashCards.app/FlashCards";
			};
			name = Debug;
		};
		AB846C0023F877C200E5031A /* Release */ = {
			isa = XCBuildConfiguration;
			buildSettings = {
				ALWAYS_EMBED_SWIFT_STANDARD_LIBRARIES = YES;
				BUNDLE_LOADER = "$(TEST_HOST)";
				CODE_SIGN_STYLE = Automatic;
				INFOPLIST_FILE = FlashCardsTests/Info.plist;
				LD_RUNPATH_SEARCH_PATHS = (
					"$(inherited)",
					"@executable_path/Frameworks",
					"@loader_path/Frameworks",
				);
				PRODUCT_BUNDLE_IDENTIFIER = com.Commodore.FlashCardsTests;
				PRODUCT_NAME = "$(TARGET_NAME)";
				SWIFT_VERSION = 5.0;
				TARGETED_DEVICE_FAMILY = "1,2";
				TEST_HOST = "$(BUILT_PRODUCTS_DIR)/FlashCards.app/FlashCards";
			};
			name = Release;
		};
		AB846C0223F877C200E5031A /* Debug */ = {
			isa = XCBuildConfiguration;
			buildSettings = {
				ALWAYS_EMBED_SWIFT_STANDARD_LIBRARIES = YES;
				CODE_SIGN_STYLE = Automatic;
				INFOPLIST_FILE = FlashCardsUITests/Info.plist;
				LD_RUNPATH_SEARCH_PATHS = (
					"$(inherited)",
					"@executable_path/Frameworks",
					"@loader_path/Frameworks",
				);
				PRODUCT_BUNDLE_IDENTIFIER = com.Commodore.FlashCardsUITests;
				PRODUCT_NAME = "$(TARGET_NAME)";
				SWIFT_VERSION = 5.0;
				TARGETED_DEVICE_FAMILY = "1,2";
				TEST_TARGET_NAME = FlashCards;
			};
			name = Debug;
		};
		AB846C0323F877C200E5031A /* Release */ = {
			isa = XCBuildConfiguration;
			buildSettings = {
				ALWAYS_EMBED_SWIFT_STANDARD_LIBRARIES = YES;
				CODE_SIGN_STYLE = Automatic;
				INFOPLIST_FILE = FlashCardsUITests/Info.plist;
				LD_RUNPATH_SEARCH_PATHS = (
					"$(inherited)",
					"@executable_path/Frameworks",
					"@loader_path/Frameworks",
				);
				PRODUCT_BUNDLE_IDENTIFIER = com.Commodore.FlashCardsUITests;
				PRODUCT_NAME = "$(TARGET_NAME)";
				SWIFT_VERSION = 5.0;
				TARGETED_DEVICE_FAMILY = "1,2";
				TEST_TARGET_NAME = FlashCards;
			};
			name = Release;
		};
/* End XCBuildConfiguration section */

/* Begin XCConfigurationList section */
		AB846BCE23F877BF00E5031A /* Build configuration list for PBXProject "FlashCards" */ = {
			isa = XCConfigurationList;
			buildConfigurations = (
				AB846BF923F877C200E5031A /* Debug */,
				AB846BFA23F877C200E5031A /* Release */,
			);
			defaultConfigurationIsVisible = 0;
			defaultConfigurationName = Release;
		};
		AB846BFB23F877C200E5031A /* Build configuration list for PBXNativeTarget "FlashCards" */ = {
			isa = XCConfigurationList;
			buildConfigurations = (
				AB846BFC23F877C200E5031A /* Debug */,
				AB846BFD23F877C200E5031A /* Release */,
			);
			defaultConfigurationIsVisible = 0;
			defaultConfigurationName = Release;
		};
		AB846BFE23F877C200E5031A /* Build configuration list for PBXNativeTarget "FlashCardsTests" */ = {
			isa = XCConfigurationList;
			buildConfigurations = (
				AB846BFF23F877C200E5031A /* Debug */,
				AB846C0023F877C200E5031A /* Release */,
			);
			defaultConfigurationIsVisible = 0;
			defaultConfigurationName = Release;
		};
		AB846C0123F877C200E5031A /* Build configuration list for PBXNativeTarget "FlashCardsUITests" */ = {
			isa = XCConfigurationList;
			buildConfigurations = (
				AB846C0223F877C200E5031A /* Debug */,
				AB846C0323F877C200E5031A /* Release */,
			);
			defaultConfigurationIsVisible = 0;
			defaultConfigurationName = Release;
		};
/* End XCConfigurationList section */
	};
	rootObject = AB846BCB23F877BF00E5031A /* Project object */;
}
